
Microsoft Visual Studio Solution File, Format Version 12.00
# Visual Studio Version 17
VisualStudioVersion = 17.11.35327.3
MinimumVisualStudioVersion = 10.0.40219.1
Project("{FAE04EC0-301F-11D3-BF4B-00C04F79EFBC}") = "AudrisAuth.Core", "AudrisAuth.Core\AudrisAuth.Core.csproj", "{064D6ABD-756F-4D8C-A5CA-5D0719733B0F}"
EndProject
Global
	GlobalSection(SolutionConfigurationPlatforms) = preSolution
		Debug|Any CPU = Debug|Any CPU
		Release|Any CPU = Release|Any CPU
	EndGlobalSection
	GlobalSection(ProjectConfigurationPlatforms) = postSolution
		{064D6ABD-756F-4D8C-A5CA-5D0719733B0F}.Debug|Any CPU.ActiveCfg = Debug|Any CPU
		{064D6ABD-756F-4D8C-A5CA-5D0719733B0F}.Debug|Any CPU.Build.0 = Debug|Any CPU
		{064D6ABD-756F-4D8C-A5CA-5D0719733B0F}.Release|Any CPU.ActiveCfg = Release|Any CPU
		{064D6ABD-756F-4D8C-A5CA-5D0719733B0F}.Release|Any CPU.Build.0 = Release|Any CPU
	EndGlobalSection
	GlobalSection(SolutionProperties) = preSolution
		HideSolutionNode = FALSE
	EndGlobalSection
	GlobalSection(ExtensibilityGlobals) = postSolution
		SolutionGuid = {8F9E64FD-8C6C-4C02-A782-AE48B1693EB8}
	EndGlobalSection
EndGlobal
